# This file is automatically @generated by Cargo.
# It is not intended for manual editing.
version = 3

[[package]]
name = "box_heap"
version = "0.1.0"

[[package]]
name = "deref_trait"
version = "0.1.0"

[[package]]
name = "drop_trait"
version = "0.1.0"

[[package]]
name = "macros"
version = "0.1.0"

[[package]]
name = "rc_leaks"
version = "0.1.0"
dependencies = [
 "macros",
]

[[package]]
name = "rc_pointer"
version = "0.1.0"
dependencies = [
 "macros",
]

[[package]]
name = "refcell"
version = "0.1.0"
dependencies = [
 "macros",
]
