# This file is automatically @generated by Cargo.
# It is not intended for manual editing.
version = 3

[[package]]
name = "blog"
version = "0.1.0"
dependencies = [
 "macros",
]

[[package]]
name = "design_trades"
version = "0.1.0"
dependencies = [
 "macros",
]

[[package]]
name = "macros"
version = "0.1.0"

[[package]]
name = "oop"
version = "0.1.0"

[[package]]
name = "traits_objs"
version = "0.1.0"
dependencies = [
 "macros",
]
