# This file is automatically @generated by Cargo.
# It is not intended for manual editing.
version = 3

[[package]]
name = "macros"
version = "0.1.0"

[[package]]
name = "messages"
version = "0.1.0"
dependencies = [
 "macros",
]

[[package]]
name = "sharing"
version = "0.1.0"
dependencies = [
 "macros",
]

[[package]]
name = "sync_send"
version = "0.1.0"
dependencies = [
 "macros",
]

[[package]]
name = "using_threads"
version = "0.1.0"
dependencies = [
 "macros",
]
